// !$*UTF8*$!
{
	archiveVersion = 1;
	classes = {
	};
	objectVersion = 46;
	objects = {

/* Begin PBXBuildFile section */
		FE7D02941D52F7D900431327 /* AppDelegate.swift in Sources */ = {isa = PBXBuildFile; fileRef = FE7D02931D52F7D900431327 /* AppDelegate.swift */; };
		FE7D02961D52F7D900431327 /* FirstViewController.swift in Sources */ = {isa = PBXBuildFile; fileRef = FE7D02951D52F7D900431327 /* FirstViewController.swift */; };
		FE7D02981D52F7D900431327 /* SecondViewController.swift in Sources */ = {isa = PBXBuildFile; fileRef = FE7D02971D52F7D900431327 /* SecondViewController.swift */; };
		FE7D029B1D52F7D900431327 /* Main.storyboard in Resources */ = {isa = PBXBuildFile; fileRef = FE7D02991D52F7D900431327 /* Main.storyboard */; };
		FE7D029D1D52F7D900431327 /* Assets.xcassets in Resources */ = {isa = PBXBuildFile; fileRef = FE7D029C1D52F7D900431327 /* Assets.xcassets */; };
		FE7D02A01D52F7D900431327 /* LaunchScreen.storyboard in Resources */ = {isa = PBXBuildFile; fileRef = FE7D029E1D52F7D900431327 /* LaunchScreen.storyboard */; };
		FE7D02AB1D52F7DA00431327 /* MrRobotControlPadTests.swift in Sources */ = {isa = PBXBuildFile; fileRef = FE7D02AA1D52F7DA00431327 /* MrRobotControlPadTests.swift */; };
		FE7D02B61D52F7DA00431327 /* MrRobotControlPadUITests.swift in Sources */ = {isa = PBXBuildFile; fileRef = FE7D02B51D52F7DA00431327 /* MrRobotControlPadUITests.swift */; };
		FE7D02C61D53426900431327 /* Starscream.framework in Frameworks */ = {isa = PBXBuildFile; fileRef = FE7D02C41D53426900431327 /* Starscream.framework */; };
		FE7D02C81D53439B00431327 /* TabController.swift in Sources */ = {isa = PBXBuildFile; fileRef = FE7D02C71D53439B00431327 /* TabController.swift */; };
		FE7D02CA1D5344C000431327 /* Starscream.framework in Embed Frameworks */ = {isa = PBXBuildFile; fileRef = FE7D02C41D53426900431327 /* Starscream.framework */; settings = {ATTRIBUTES = (CodeSignOnCopy, RemoveHeadersOnCopy, ); }; };
		FE7D02CD1D5345C200431327 /* StartupController.swift in Sources */ = {isa = PBXBuildFile; fileRef = FE7D02CC1D5345C200431327 /* StartupController.swift */; };
/* End PBXBuildFile section */

/* Begin PBXContainerItemProxy section */
		FE7D02A71D52F7DA00431327 /* PBXContainerItemProxy */ = {
			isa = PBXContainerItemProxy;
			containerPortal = FE7D02881D52F7D900431327 /* Project object */;
			proxyType = 1;
			remoteGlobalIDString = FE7D028F1D52F7D900431327;
			remoteInfo = MrRobotControlPad;
		};
		FE7D02B21D52F7DA00431327 /* PBXContainerItemProxy */ = {
			isa = PBXContainerItemProxy;
			containerPortal = FE7D02881D52F7D900431327 /* Project object */;
			proxyType = 1;
			remoteGlobalIDString = FE7D028F1D52F7D900431327;
			remoteInfo = MrRobotControlPad;
		};
/* End PBXContainerItemProxy section */

/* Begin PBXCopyFilesBuildPhase section */
		FE7D02CB1D5344C000431327 /* Embed Frameworks */ = {
			isa = PBXCopyFilesBuildPhase;
			buildActionMask = 2147483647;
			dstPath = "";
			dstSubfolderSpec = 10;
			files = (
				FE7D02CA1D5344C000431327 /* Starscream.framework in Embed Frameworks */,
			);
			name = "Embed Frameworks";
			runOnlyForDeploymentPostprocessing = 0;
		};
/* End PBXCopyFilesBuildPhase section */

/* Begin PBXFileReference section */
		FE7D02901D52F7D900431327 /* MrRobotControlPad.app */ = {isa = PBXFileReference; explicitFileType = wrapper.application; includeInIndex = 0; path = MrRobotControlPad.app; sourceTree = BUILT_PRODUCTS_DIR; };
		FE7D02931D52F7D900431327 /* AppDelegate.swift */ = {isa = PBXFileReference; lastKnownFileType = sourcecode.swift; path = AppDelegate.swift; sourceTree = "<group>"; };
		FE7D02951D52F7D900431327 /* FirstViewController.swift */ = {isa = PBXFileReference; lastKnownFileType = sourcecode.swift; path = FirstViewController.swift; sourceTree = "<group>"; };
		FE7D02971D52F7D900431327 /* SecondViewController.swift */ = {isa = PBXFileReference; lastKnownFileType = sourcecode.swift; path = SecondViewController.swift; sourceTree = "<group>"; };
		FE7D029A1D52F7D900431327 /* Base */ = {isa = PBXFileReference; lastKnownFileType = file.storyboard; name = Base; path = Base.lproj/Main.storyboard; sourceTree = "<group>"; };
		FE7D029C1D52F7D900431327 /* Assets.xcassets */ = {isa = PBXFileReference; lastKnownFileType = folder.assetcatalog; path = Assets.xcassets; sourceTree = "<group>"; };
		FE7D029F1D52F7D900431327 /* Base */ = {isa = PBXFileReference; lastKnownFileType = file.storyboard; name = Base; path = Base.lproj/LaunchScreen.storyboard; sourceTree = "<group>"; };
		FE7D02A11D52F7DA00431327 /* Info.plist */ = {isa = PBXFileReference; lastKnownFileType = text.plist.xml; path = Info.plist; sourceTree = "<group>"; };
		FE7D02A61D52F7DA00431327 /* MrRobotControlPadTests.xctest */ = {isa = PBXFileReference; explicitFileType = wrapper.cfbundle; includeInIndex = 0; path = MrRobotControlPadTests.xctest; sourceTree = BUILT_PRODUCTS_DIR; };
		FE7D02AA1D52F7DA00431327 /* MrRobotControlPadTests.swift */ = {isa = PBXFileReference; lastKnownFileType = sourcecode.swift; path = MrRobotControlPadTests.swift; sourceTree = "<group>"; };
		FE7D02AC1D52F7DA00431327 /* Info.plist */ = {isa = PBXFileReference; lastKnownFileType = text.plist.xml; path = Info.plist; sourceTree = "<group>"; };
		FE7D02B11D52F7DA00431327 /* MrRobotControlPadUITests.xctest */ = {isa = PBXFileReference; explicitFileType = wrapper.cfbundle; includeInIndex = 0; path = MrRobotControlPadUITests.xctest; sourceTree = BUILT_PRODUCTS_DIR; };
		FE7D02B51D52F7DA00431327 /* MrRobotControlPadUITests.swift */ = {isa = PBXFileReference; lastKnownFileType = sourcecode.swift; path = MrRobotControlPadUITests.swift; sourceTree = "<group>"; };
		FE7D02B71D52F7DA00431327 /* Info.plist */ = {isa = PBXFileReference; lastKnownFileType = text.plist.xml; path = Info.plist; sourceTree = "<group>"; };
		FE7D02C41D53426900431327 /* Starscream.framework */ = {isa = PBXFileReference; lastKnownFileType = wrapper.framework; name = Starscream.framework; path = Carthage/Build/iOS/Starscream.framework; sourceTree = "<group>"; };
		FE7D02C71D53439B00431327 /* TabController.swift */ = {isa = PBXFileReference; fileEncoding = 4; lastKnownFileType = sourcecode.swift; path = TabController.swift; sourceTree = "<group>"; };
		FE7D02CC1D5345C200431327 /* StartupController.swift */ = {isa = PBXFileReference; fileEncoding = 4; lastKnownFileType = sourcecode.swift; path = StartupController.swift; sourceTree = "<group>"; };
/* End PBXFileReference section */

/* Begin PBXFrameworksBuildPhase section */
		FE7D028D1D52F7D900431327 /* Frameworks */ = {
			isa = PBXFrameworksBuildPhase;
			buildActionMask = 2147483647;
			files = (
				FE7D02C61D53426900431327 /* Starscream.framework in Frameworks */,
			);
			runOnlyForDeploymentPostprocessing = 0;
		};
		FE7D02A31D52F7DA00431327 /* Frameworks */ = {
			isa = PBXFrameworksBuildPhase;
			buildActionMask = 2147483647;
			files = (
			);
			runOnlyForDeploymentPostprocessing = 0;
		};
		FE7D02AE1D52F7DA00431327 /* Frameworks */ = {
			isa = PBXFrameworksBuildPhase;
			buildActionMask = 2147483647;
			files = (
			);
			runOnlyForDeploymentPostprocessing = 0;
		};
/* End PBXFrameworksBuildPhase section */

/* Begin PBXGroup section */
		FE7D02871D52F7D900431327 = {
			isa = PBXGroup;
			children = (
				FE7D02C41D53426900431327 /* Starscream.framework */,
				FE7D02921D52F7D900431327 /* MrRobotControlPad */,
				FE7D02A91D52F7DA00431327 /* MrRobotControlPadTests */,
				FE7D02B41D52F7DA00431327 /* MrRobotControlPadUITests */,
				FE7D02911D52F7D900431327 /* Products */,
			);
			sourceTree = "<group>";
		};
		FE7D02911D52F7D900431327 /* Products */ = {
			isa = PBXGroup;
			children = (
				FE7D02901D52F7D900431327 /* MrRobotControlPad.app */,
				FE7D02A61D52F7DA00431327 /* MrRobotControlPadTests.xctest */,
				FE7D02B11D52F7DA00431327 /* MrRobotControlPadUITests.xctest */,
			);
			name = Products;
			sourceTree = "<group>";
		};
		FE7D02921D52F7D900431327 /* MrRobotControlPad */ = {
			isa = PBXGroup;
			children = (
				FE7D02931D52F7D900431327 /* AppDelegate.swift */,
				FE7D02951D52F7D900431327 /* FirstViewController.swift */,
				FE7D02971D52F7D900431327 /* SecondViewController.swift */,
				FE7D02991D52F7D900431327 /* Main.storyboard */,
				FE7D029C1D52F7D900431327 /* Assets.xcassets */,
				FE7D029E1D52F7D900431327 /* LaunchScreen.storyboard */,
				FE7D02A11D52F7DA00431327 /* Info.plist */,
				FE7D02C71D53439B00431327 /* TabController.swift */,
				FE7D02CC1D5345C200431327 /* StartupController.swift */,
			);
			path = MrRobotControlPad;
			sourceTree = "<group>";
		};
		FE7D02A91D52F7DA00431327 /* MrRobotControlPadTests */ = {
			isa = PBXGroup;
			children = (
				FE7D02AA1D52F7DA00431327 /* MrRobotControlPadTests.swift */,
				FE7D02AC1D52F7DA00431327 /* Info.plist */,
			);
			path = MrRobotControlPadTests;
			sourceTree = "<group>";
		};
		FE7D02B41D52F7DA00431327 /* MrRobotControlPadUITests */ = {
			isa = PBXGroup;
			children = (
				FE7D02B51D52F7DA00431327 /* MrRobotControlPadUITests.swift */,
				FE7D02B71D52F7DA00431327 /* Info.plist */,
			);
			path = MrRobotControlPadUITests;
			sourceTree = "<group>";
		};
/* End PBXGroup section */

/* Begin PBXNativeTarget section */
		FE7D028F1D52F7D900431327 /* MrRobotControlPad */ = {
			isa = PBXNativeTarget;
			buildConfigurationList = FE7D02BA1D52F7DA00431327 /* Build configuration list for PBXNativeTarget "MrRobotControlPad" */;
			buildPhases = (
				FE7D028C1D52F7D900431327 /* Sources */,
				FE7D028D1D52F7D900431327 /* Frameworks */,
				FE7D028E1D52F7D900431327 /* Resources */,
				FE7D02CB1D5344C000431327 /* Embed Frameworks */,
			);
			buildRules = (
			);
			dependencies = (
			);
			name = MrRobotControlPad;
			productName = MrRobotControlPad;
			productReference = FE7D02901D52F7D900431327 /* MrRobotControlPad.app */;
			productType = "com.apple.product-type.application";
		};
		FE7D02A51D52F7DA00431327 /* MrRobotControlPadTests */ = {
			isa = PBXNativeTarget;
			buildConfigurationList = FE7D02BD1D52F7DA00431327 /* Build configuration list for PBXNativeTarget "MrRobotControlPadTests" */;
			buildPhases = (
				FE7D02A21D52F7DA00431327 /* Sources */,
				FE7D02A31D52F7DA00431327 /* Frameworks */,
				FE7D02A41D52F7DA00431327 /* Resources */,
			);
			buildRules = (
			);
			dependencies = (
				FE7D02A81D52F7DA00431327 /* PBXTargetDependency */,
			);
			name = MrRobotControlPadTests;
			productName = MrRobotControlPadTests;
			productReference = FE7D02A61D52F7DA00431327 /* MrRobotControlPadTests.xctest */;
			productType = "com.apple.product-type.bundle.unit-test";
		};
		FE7D02B01D52F7DA00431327 /* MrRobotControlPadUITests */ = {
			isa = PBXNativeTarget;
			buildConfigurationList = FE7D02C01D52F7DA00431327 /* Build configuration list for PBXNativeTarget "MrRobotControlPadUITests" */;
			buildPhases = (
				FE7D02AD1D52F7DA00431327 /* Sources */,
				FE7D02AE1D52F7DA00431327 /* Frameworks */,
				FE7D02AF1D52F7DA00431327 /* Resources */,
			);
			buildRules = (
			);
			dependencies = (
				FE7D02B31D52F7DA00431327 /* PBXTargetDependency */,
			);
			name = MrRobotControlPadUITests;
			productName = MrRobotControlPadUITests;
			productReference = FE7D02B11D52F7DA00431327 /* MrRobotControlPadUITests.xctest */;
			productType = "com.apple.product-type.bundle.ui-testing";
		};
/* End PBXNativeTarget section */

/* Begin PBXProject section */
		FE7D02881D52F7D900431327 /* Project object */ = {
			isa = PBXProject;
			attributes = {
				LastSwiftUpdateCheck = 0730;
				LastUpgradeCheck = 0730;
				ORGANIZATIONNAME = "Luiz Fonseca";
				TargetAttributes = {
					FE7D028F1D52F7D900431327 = {
						CreatedOnToolsVersion = 7.3.1;
						DevelopmentTeam = 4U8GUC8TZG;
					};
					FE7D02A51D52F7DA00431327 = {
						CreatedOnToolsVersion = 7.3.1;
						TestTargetID = FE7D028F1D52F7D900431327;
					};
					FE7D02B01D52F7DA00431327 = {
						CreatedOnToolsVersion = 7.3.1;
						TestTargetID = FE7D028F1D52F7D900431327;
					};
				};
			};
			buildConfigurationList = FE7D028B1D52F7D900431327 /* Build configuration list for PBXProject "MrRobotControlPad" */;
			compatibilityVersion = "Xcode 3.2";
			developmentRegion = English;
			hasScannedForEncodings = 0;
			knownRegions = (
				en,
				Base,
			);
			mainGroup = FE7D02871D52F7D900431327;
			productRefGroup = FE7D02911D52F7D900431327 /* Products */;
			projectDirPath = "";
			projectRoot = "";
			targets = (
				FE7D028F1D52F7D900431327 /* MrRobotControlPad */,
				FE7D02A51D52F7DA00431327 /* MrRobotControlPadTests */,
				FE7D02B01D52F7DA00431327 /* MrRobotControlPadUITests */,
			);
		};
/* End PBXProject section */

/* Begin PBXResourcesBuildPhase section */
		FE7D028E1D52F7D900431327 /* Resources */ = {
			isa = PBXResourcesBuildPhase;
			buildActionMask = 2147483647;
			files = (
				FE7D02A01D52F7D900431327 /* LaunchScreen.storyboard in Resources */,
				FE7D029D1D52F7D900431327 /* Assets.xcassets in Resources */,
				FE7D029B1D52F7D900431327 /* Main.storyboard in Resources */,
			);
			runOnlyForDeploymentPostprocessing = 0;
		};
		FE7D02A41D52F7DA00431327 /* Resources */ = {
			isa = PBXResourcesBuildPhase;
			buildActionMask = 2147483647;
			files = (
			);
			runOnlyForDeploymentPostprocessing = 0;
		};
		FE7D02AF1D52F7DA00431327 /* Resources */ = {
			isa = PBXResourcesBuildPhase;
			buildActionMask = 2147483647;
			files = (
			);
			runOnlyForDeploymentPostprocessing = 0;
		};
/* End PBXResourcesBuildPhase section */

/* Begin PBXSourcesBuildPhase section */
		FE7D028C1D52F7D900431327 /* Sources */ = {
			isa = PBXSourcesBuildPhase;
			buildActionMask = 2147483647;
			files = (
				FE7D02981D52F7D900431327 /* SecondViewController.swift in Sources */,
				FE7D02CD1D5345C200431327 /* StartupController.swift in Sources */,
				FE7D02C81D53439B00431327 /* TabController.swift in Sources */,
				FE7D02941D52F7D900431327 /* AppDelegate.swift in Sources */,
				FE7D02961D52F7D900431327 /* FirstViewController.swift in Sources */,
			);
			runOnlyForDeploymentPostprocessing = 0;
		};
		FE7D02A21D52F7DA00431327 /* Sources */ = {
			isa = PBXSourcesBuildPhase;
			buildActionMask = 2147483647;
			files = (
				FE7D02AB1D52F7DA00431327 /* MrRobotControlPadTests.swift in Sources */,
			);
			runOnlyForDeploymentPostprocessing = 0;
		};
		FE7D02AD1D52F7DA00431327 /* Sources */ = {
			isa = PBXSourcesBuildPhase;
			buildActionMask = 2147483647;
			files = (
				FE7D02B61D52F7DA00431327 /* MrRobotControlPadUITests.swift in Sources */,
			);
			runOnlyForDeploymentPostprocessing = 0;
		};
/* End PBXSourcesBuildPhase section */

/* Begin PBXTargetDependency section */
		FE7D02A81D52F7DA00431327 /* PBXTargetDependency */ = {
			isa = PBXTargetDependency;
			target = FE7D028F1D52F7D900431327 /* MrRobotControlPad */;
			targetProxy = FE7D02A71D52F7DA00431327 /* PBXContainerItemProxy */;
		};
		FE7D02B31D52F7DA00431327 /* PBXTargetDependency */ = {
			isa = PBXTargetDependency;
			target = FE7D028F1D52F7D900431327 /* MrRobotControlPad */;
			targetProxy = FE7D02B21D52F7DA00431327 /* PBXContainerItemProxy */;
		};
/* End PBXTargetDependency section */

/* Begin PBXVariantGroup section */
		FE7D02991D52F7D900431327 /* Main.storyboard */ = {
			isa = PBXVariantGroup;
			children = (
				FE7D029A1D52F7D900431327 /* Base */,
			);
			name = Main.storyboard;
			sourceTree = "<group>";
		};
		FE7D029E1D52F7D900431327 /* LaunchScreen.storyboard */ = {
			isa = PBXVariantGroup;
			children = (
				FE7D029F1D52F7D900431327 /* Base */,
			);
			name = LaunchScreen.storyboard;
			sourceTree = "<group>";
		};
/* End PBXVariantGroup section */

/* Begin XCBuildConfiguration section */
		FE7D02B81D52F7DA00431327 /* Debug */ = {
			isa = XCBuildConfiguration;
			buildSettings = {
				ALWAYS_SEARCH_USER_PATHS = NO;
				CLANG_ANALYZER_NONNULL = YES;
				CLANG_CXX_LANGUAGE_STANDARD = "gnu++0x";
				CLANG_CXX_LIBRARY = "libc++";
				CLANG_ENABLE_MODULES = YES;
				CLANG_ENABLE_OBJC_ARC = YES;
				CLANG_WARN_BOOL_CONVERSION = YES;
				CLANG_WARN_CONSTANT_CONVERSION = YES;
				CLANG_WARN_DIRECT_OBJC_ISA_USAGE = YES_ERROR;
				CLANG_WARN_EMPTY_BODY = YES;
				CLANG_WARN_ENUM_CONVERSION = YES;
				CLANG_WARN_INT_CONVERSION = YES;
				CLANG_WARN_OBJC_ROOT_CLASS = YES_ERROR;
				CLANG_WARN_UNREACHABLE_CODE = YES;
				CLANG_WARN__DUPLICATE_METHOD_MATCH = YES;
				"CODE_SIGN_IDENTITY[sdk=iphoneos*]" = "iPhone Developer";
				COPY_PHASE_STRIP = NO;
				DEBUG_INFORMATION_FORMAT = dwarf;
				ENABLE_STRICT_OBJC_MSGSEND = YES;
				ENABLE_TESTABILITY = YES;
				GCC_C_LANGUAGE_STANDARD = gnu99;
				GCC_DYNAMIC_NO_PIC = NO;
				GCC_NO_COMMON_BLOCKS = YES;
				GCC_OPTIMIZATION_LEVEL = 0;
				GCC_PREPROCESSOR_DEFINITIONS = (
					"DEBUG=1",
					"$(inherited)",
				);
				GCC_WARN_64_TO_32_BIT_CONVERSION = YES;
				GCC_WARN_ABOUT_RETURN_TYPE = YES_ERROR;
				GCC_WARN_UNDECLARED_SELECTOR = YES;
				GCC_WARN_UNINITIALIZED_AUTOS = YES_AGGRESSIVE;
				GCC_WARN_UNUSED_FUNCTION = YES;
				GCC_WARN_UNUSED_VARIABLE = YES;
				IPHONEOS_DEPLOYMENT_TARGET = 9.3;
				MTL_ENABLE_DEBUG_INFO = YES;
				ONLY_ACTIVE_ARCH = YES;
				SDKROOT = iphoneos;
				SWIFT_OPTIMIZATION_LEVEL = "-Onone";
			};
			name = Debug;
		};
		FE7D02B91D52F7DA00431327 /* Release */ = {
			isa = XCBuildConfiguration;
			buildSettings = {
				ALWAYS_SEARCH_USER_PATHS = NO;
				CLANG_ANALYZER_NONNULL = YES;
				CLANG_CXX_LANGUAGE_STANDARD = "gnu++0x";
				CLANG_CXX_LIBRARY = "libc++";
				CLANG_ENABLE_MODULES = YES;
				CLANG_ENABLE_OBJC_ARC = YES;
				CLANG_WARN_BOOL_CONVERSION = YES;
				CLANG_WARN_CONSTANT_CONVERSION = YES;
				CLANG_WARN_DIRECT_OBJC_ISA_USAGE = YES_ERROR;
				CLANG_WARN_EMPTY_BODY = YES;
				CLANG_WARN_ENUM_CONVERSION = YES;
				CLANG_WARN_INT_CONVERSION = YES;
				CLANG_WARN_OBJC_ROOT_CLASS = YES_ERROR;
				CLANG_WARN_UNREACHABLE_CODE = YES;
				CLANG_WARN__DUPLICATE_METHOD_MATCH = YES;
				"CODE_SIGN_IDENTITY[sdk=iphoneos*]" = "iPhone Developer";
				COPY_PHASE_STRIP = NO;
				DEBUG_INFORMATION_FORMAT = "dwarf-with-dsym";
				ENABLE_NS_ASSERTIONS = NO;
				ENABLE_STRICT_OBJC_MSGSEND = YES;
				GCC_C_LANGUAGE_STANDARD = gnu99;
				GCC_NO_COMMON_BLOCKS = YES;
				GCC_WARN_64_TO_32_BIT_CONVERSION = YES;
				GCC_WARN_ABOUT_RETURN_TYPE = YES_ERROR;
				GCC_WARN_UNDECLARED_SELECTOR = YES;
				GCC_WARN_UNINITIALIZED_AUTOS = YES_AGGRESSIVE;
				GCC_WARN_UNUSED_FUNCTION = YES;
				GCC_WARN_UNUSED_VARIABLE = YES;
				IPHONEOS_DEPLOYMENT_TARGET = 9.3;
				MTL_ENABLE_DEBUG_INFO = NO;
				SDKROOT = iphoneos;
				VALIDATE_PRODUCT = YES;
			};
			name = Release;
		};
		FE7D02BB1D52F7DA00431327 /* Debug */ = {
			isa = XCBuildConfiguration;
			buildSettings = {
				ASSETCATALOG_COMPILER_APPICON_NAME = AppIcon;
				CODE_SIGN_IDENTITY = "iPhone Developer";
				"CODE_SIGN_IDENTITY[sdk=iphoneos*]" = "iPhone Developer";
				FRAMEWORK_SEARCH_PATHS = (
					"$(inherited)",
					"$(PROJECT_DIR)/Carthage/Build/iOS",
				);
				INFOPLIST_FILE = MrRobotControlPad/Info.plist;
				IPHONEOS_DEPLOYMENT_TARGET = 8.4;
				LD_RUNPATH_SEARCH_PATHS = "$(inherited) @executable_path/Frameworks";
				PRODUCT_BUNDLE_IDENTIFIER = br.com.ydreams.MrRobotControlPad;
				PRODUCT_NAME = "$(TARGET_NAME)";
				PROVISIONING_PROFILE = "";
			};
			name = Debug;
		};
		FE7D02BC1D52F7DA00431327 /* Release */ = {
			isa = XCBuildConfiguration;
			buildSettings = {
				ASSETCATALOG_COMPILER_APPICON_NAME = AppIcon;
				CODE_SIGN_IDENTITY = "iPhone Developer";
				"CODE_SIGN_IDENTITY[sdk=iphoneos*]" = "iPhone Developer";
				FRAMEWORK_SEARCH_PATHS = (
					"$(inherited)",
					"$(PROJECT_DIR)/Carthage/Build/iOS",
				);
				INFOPLIST_FILE = MrRobotControlPad/Info.plist;
				IPHONEOS_DEPLOYMENT_TARGET = 8.4;
				LD_RUNPATH_SEARCH_PATHS = "$(inherited) @executable_path/Frameworks";
				PRODUCT_BUNDLE_IDENTIFIER = br.com.ydreams.MrRobotControlPad;
				PRODUCT_NAME = "$(TARGET_NAME)";
				PROVISIONING_PROFILE = "";
			};
			name = Release;
		};
		FE7D02BE1D52F7DA00431327 /* Debug */ = {
			isa = XCBuildConfiguration;
			buildSettings = {
				BUNDLE_LOADER = "$(TEST_HOST)";
				INFOPLIST_FILE = MrRobotControlPadTests/Info.plist;
				LD_RUNPATH_SEARCH_PATHS = "$(inherited) @executable_path/Frameworks @loader_path/Frameworks";
				PRODUCT_BUNDLE_IDENTIFIER = br.com.ydreams.MrRobotControlPadTests;
				PRODUCT_NAME = "$(TARGET_NAME)";
				TEST_HOST = "$(BUILT_PRODUCTS_DIR)/MrRobotControlPad.app/MrRobotControlPad";
			};
			name = Debug;
		};
		FE7D02BF1D52F7DA00431327 /* Release */ = {
			isa = XCBuildConfiguration;
			buildSettings = {
				BUNDLE_LOADER = "$(TEST_HOST)";
				INFOPLIST_FILE = MrRobotControlPadTests/Info.plist;
				LD_RUNPATH_SEARCH_PATHS = "$(inherited) @executable_path/Frameworks @loader_path/Frameworks";
				PRODUCT_BUNDLE_IDENTIFIER = br.com.ydreams.MrRobotControlPadTests;
				PRODUCT_NAME = "$(TARGET_NAME)";
				TEST_HOST = "$(BUILT_PRODUCTS_DIR)/MrRobotControlPad.app/MrRobotControlPad";
			};
			name = Release;
		};
		FE7D02C11D52F7DA00431327 /* Debug */ = {
			isa = XCBuildConfiguration;
			buildSettings = {
				INFOPLIST_FILE = MrRobotControlPadUITests/Info.plist;
				LD_RUNPATH_SEARCH_PATHS = "$(inherited) @executable_path/Frameworks @loader_path/Frameworks";
				PRODUCT_BUNDLE_IDENTIFIER = br.com.ydreams.MrRobotControlPadUITests;
				PRODUCT_NAME = "$(TARGET_NAME)";
				TEST_TARGET_NAME = MrRobotControlPad;
			};
			name = Debug;
		};
		FE7D02C21D52F7DA00431327 /* Release */ = {
			isa = XCBuildConfiguration;
			buildSettings = {
				INFOPLIST_FILE = MrRobotControlPadUITests/Info.plist;
				LD_RUNPATH_SEARCH_PATHS = "$(inherited) @executable_path/Frameworks @loader_path/Frameworks";
				PRODUCT_BUNDLE_IDENTIFIER = br.com.ydreams.MrRobotControlPadUITests;
				PRODUCT_NAME = "$(TARGET_NAME)";
				TEST_TARGET_NAME = MrRobotControlPad;
			};
			name = Release;
		};
/* End XCBuildConfiguration section */

/* Begin XCConfigurationList section */
		FE7D028B1D52F7D900431327 /* Build configuration list for PBXProject "MrRobotControlPad" */ = {
			isa = XCConfigurationList;
			buildConfigurations = (
				FE7D02B81D52F7DA00431327 /* Debug */,
				FE7D02B91D52F7DA00431327 /* Release */,
			);
			defaultConfigurationIsVisible = 0;
			defaultConfigurationName = Release;
		};
		FE7D02BA1D52F7DA00431327 /* Build configuration list for PBXNativeTarget "MrRobotControlPad" */ = {
			isa = XCConfigurationList;
			buildConfigurations = (
				FE7D02BB1D52F7DA00431327 /* Debug */,
				FE7D02BC1D52F7DA00431327 /* Release */,
			);
			defaultConfigurationIsVisible = 0;
		};
		FE7D02BD1D52F7DA00431327 /* Build configuration list for PBXNativeTarget "MrRobotControlPadTests" */ = {
			isa = XCConfigurationList;
			buildConfigurations = (
				FE7D02BE1D52F7DA00431327 /* Debug */,
				FE7D02BF1D52F7DA00431327 /* Release */,
			);
			defaultConfigurationIsVisible = 0;
		};
		FE7D02C01D52F7DA00431327 /* Build configuration list for PBXNativeTarget "MrRobotControlPadUITests" */ = {
			isa = XCConfigurationList;
			buildConfigurations = (
				FE7D02C11D52F7DA00431327 /* Debug */,
				FE7D02C21D52F7DA00431327 /* Release */,
			);
			defaultConfigurationIsVisible = 0;
		};
/* End XCConfigurationList section */
	};
	rootObject = FE7D02881D52F7D900431327 /* Project object */;
}
